
Microsoft Visual Studio Solution File, Format Version 12.00
# Visual Studio Version 17
VisualStudioVersion = 17.4.33213.308
MinimumVisualStudioVersion = 10.0.40219.1
Project("{FAE04EC0-301F-11D3-BF4B-00C04F79EFBC}") = "task-7th-feb", "task-7th-feb.csproj", "{82CA5EE6-68BF-4298-9331-0E1247636EA0}"
EndProject
Global
	GlobalSection(SolutionConfigurationPlatforms) = preSolution
		Debug|Any CPU = Debug|Any CPU
		Release|Any CPU = Release|Any CPU
	EndGlobalSection
	GlobalSection(ProjectConfigurationPlatforms) = postSolution
		{82CA5EE6-68BF-4298-9331-0E1247636EA0}.Debug|Any CPU.ActiveCfg = Debug|Any CPU
		{82CA5EE6-68BF-4298-9331-0E1247636EA0}.Debug|Any CPU.Build.0 = Debug|Any CPU
		{82CA5EE6-68BF-4298-9331-0E1247636EA0}.Release|Any CPU.ActiveCfg = Release|Any CPU
		{82CA5EE6-68BF-4298-9331-0E1247636EA0}.Release|Any CPU.Build.0 = Release|Any CPU
	EndGlobalSection
	GlobalSection(SolutionProperties) = preSolution
		HideSolutionNode = FALSE
	EndGlobalSection
	GlobalSection(ExtensibilityGlobals) = postSolution
		SolutionGuid = {781633EA-7573-4525-A7A6-E22AC0FCEE17}
	EndGlobalSection
EndGlobal
