
Microsoft Visual Studio Solution File, Format Version 12.00
# Visual Studio Version 17
VisualStudioVersion = 17.4.33213.308
MinimumVisualStudioVersion = 10.0.40219.1
Project("{FAE04EC0-301F-11D3-BF4B-00C04F79EFBC}") = "task-2nd-Feb", "task-2nd-Feb.csproj", "{AD73DE94-B6C3-4248-B30B-7302DD3904B9}"
EndProject
Global
	GlobalSection(SolutionConfigurationPlatforms) = preSolution
		Debug|Any CPU = Debug|Any CPU
		Release|Any CPU = Release|Any CPU
	EndGlobalSection
	GlobalSection(ProjectConfigurationPlatforms) = postSolution
		{AD73DE94-B6C3-4248-B30B-7302DD3904B9}.Debug|Any CPU.ActiveCfg = Debug|Any CPU
		{AD73DE94-B6C3-4248-B30B-7302DD3904B9}.Debug|Any CPU.Build.0 = Debug|Any CPU
		{AD73DE94-B6C3-4248-B30B-7302DD3904B9}.Release|Any CPU.ActiveCfg = Release|Any CPU
		{AD73DE94-B6C3-4248-B30B-7302DD3904B9}.Release|Any CPU.Build.0 = Release|Any CPU
	EndGlobalSection
	GlobalSection(SolutionProperties) = preSolution
		HideSolutionNode = FALSE
	EndGlobalSection
	GlobalSection(ExtensibilityGlobals) = postSolution
		SolutionGuid = {13053CCB-DD02-40D6-9351-7D1EF485485D}
	EndGlobalSection
EndGlobal
